
Microsoft Visual Studio Solution File, Format Version 12.00
# Visual Studio Version 17
VisualStudioVersion = 17.6.33815.320
MinimumVisualStudioVersion = 10.0.40219.1
Project("{9A19103F-16F7-4668-BE54-9A1E7A4F7556}") = "Bank_JG", "Bank_JG\Bank_JG.csproj", "{D6F44D55-D015-4545-8360-4320F470616F}"
EndProject
Project("{2150E333-8FDC-42A3-9474-1A3956D46DE8}") = "00-ServiceApi", "00-ServiceApi", "{D4A4F30B-EC1F-4D9C-954C-6EAA668E01E0}"
EndProject
Project("{2150E333-8FDC-42A3-9474-1A3956D46DE8}") = "02-Domain", "02-Domain", "{20F96DC6-9907-491D-8186-CC333FB6DB7F}"
EndProject
Project("{2150E333-8FDC-42A3-9474-1A3956D46DE8}") = "03-InfraData", "03-InfraData", "{68168DE2-951E-48BF-A6E5-B050E0EFC57B}"
EndProject
Project("{9A19103F-16F7-4668-BE54-9A1E7A4F7556}") = "Sistem.Domain", "Sistem.Domain\Sistem.Domain.csproj", "{96D1D94C-9DFA-46C0-832C-E84BB0DFF6F8}"
EndProject
Project("{9A19103F-16F7-4668-BE54-9A1E7A4F7556}") = "Sistema.Infra.Data.SqlServer", "Sistema.Infra.Data\Sistema.Infra.Data.SqlServer.csproj", "{E1DE9EE6-3F99-45CC-8C34-D2C23AEAC00E}"
EndProject
Project("{2150E333-8FDC-42A3-9474-1A3956D46DE8}") = "01-Application", "01-Application", "{E15F1F43-E633-4D20-8D74-5BEBA83B803D}"
EndProject
Project("{9A19103F-16F7-4668-BE54-9A1E7A4F7556}") = "Sistem.Application", "Sistem.Application\Sistem.Application.csproj", "{91455EC1-0FDE-4C89-BBE1-8BD97277DFF8}"
EndProject
Project("{2150E333-8FDC-42A3-9474-1A3956D46DE8}") = "04-Tests", "04-Tests", "{3ACA99AF-B72F-4488-B3FE-E8FE337C10AD}"
EndProject
Project("{2150E333-8FDC-42A3-9474-1A3956D46DE8}") = "Core", "Core", "{613B3132-729F-4F90-BD26-874FD4089C43}"
EndProject
Project("{2150E333-8FDC-42A3-9474-1A3956D46DE8}") = "Impl", "Impl", "{C903B881-B66C-46E8-9F04-17FF4BBC3045}"
EndProject
Project("{9A19103F-16F7-4668-BE54-9A1E7A4F7556}") = "Sistem.Domain.Impl", "Sistem.Domain.Impl\Sistem.Domain.Impl.csproj", "{866BA83C-360C-43F3-847C-3E287A106F0A}"
EndProject
Project("{2150E333-8FDC-42A3-9474-1A3956D46DE8}") = "Cache", "Cache", "{3A9FA52A-A582-4950-BCAE-6759118B5069}"
EndProject
Project("{9A19103F-16F7-4668-BE54-9A1E7A4F7556}") = "Infra.Cache", "Infra.Cache\Infra.Cache.csproj", "{B5830AF8-74DF-41B9-B856-623390965CE0}"
EndProject
Global
	GlobalSection(SolutionConfigurationPlatforms) = preSolution
		Debug|Any CPU = Debug|Any CPU
		Release|Any CPU = Release|Any CPU
	EndGlobalSection
	GlobalSection(ProjectConfigurationPlatforms) = postSolution
		{D6F44D55-D015-4545-8360-4320F470616F}.Debug|Any CPU.ActiveCfg = Debug|Any CPU
		{D6F44D55-D015-4545-8360-4320F470616F}.Debug|Any CPU.Build.0 = Debug|Any CPU
		{D6F44D55-D015-4545-8360-4320F470616F}.Release|Any CPU.ActiveCfg = Release|Any CPU
		{D6F44D55-D015-4545-8360-4320F470616F}.Release|Any CPU.Build.0 = Release|Any CPU
		{96D1D94C-9DFA-46C0-832C-E84BB0DFF6F8}.Debug|Any CPU.ActiveCfg = Debug|Any CPU
		{96D1D94C-9DFA-46C0-832C-E84BB0DFF6F8}.Debug|Any CPU.Build.0 = Debug|Any CPU
		{96D1D94C-9DFA-46C0-832C-E84BB0DFF6F8}.Release|Any CPU.ActiveCfg = Release|Any CPU
		{96D1D94C-9DFA-46C0-832C-E84BB0DFF6F8}.Release|Any CPU.Build.0 = Release|Any CPU
		{E1DE9EE6-3F99-45CC-8C34-D2C23AEAC00E}.Debug|Any CPU.ActiveCfg = Debug|Any CPU
		{E1DE9EE6-3F99-45CC-8C34-D2C23AEAC00E}.Debug|Any CPU.Build.0 = Debug|Any CPU
		{E1DE9EE6-3F99-45CC-8C34-D2C23AEAC00E}.Release|Any CPU.ActiveCfg = Release|Any CPU
		{E1DE9EE6-3F99-45CC-8C34-D2C23AEAC00E}.Release|Any CPU.Build.0 = Release|Any CPU
		{91455EC1-0FDE-4C89-BBE1-8BD97277DFF8}.Debug|Any CPU.ActiveCfg = Debug|Any CPU
		{91455EC1-0FDE-4C89-BBE1-8BD97277DFF8}.Debug|Any CPU.Build.0 = Debug|Any CPU
		{91455EC1-0FDE-4C89-BBE1-8BD97277DFF8}.Release|Any CPU.ActiveCfg = Release|Any CPU
		{91455EC1-0FDE-4C89-BBE1-8BD97277DFF8}.Release|Any CPU.Build.0 = Release|Any CPU
		{866BA83C-360C-43F3-847C-3E287A106F0A}.Debug|Any CPU.ActiveCfg = Debug|Any CPU
		{866BA83C-360C-43F3-847C-3E287A106F0A}.Debug|Any CPU.Build.0 = Debug|Any CPU
		{866BA83C-360C-43F3-847C-3E287A106F0A}.Release|Any CPU.ActiveCfg = Release|Any CPU
		{866BA83C-360C-43F3-847C-3E287A106F0A}.Release|Any CPU.Build.0 = Release|Any CPU
		{B5830AF8-74DF-41B9-B856-623390965CE0}.Debug|Any CPU.ActiveCfg = Debug|Any CPU
		{B5830AF8-74DF-41B9-B856-623390965CE0}.Debug|Any CPU.Build.0 = Debug|Any CPU
		{B5830AF8-74DF-41B9-B856-623390965CE0}.Release|Any CPU.ActiveCfg = Release|Any CPU
		{B5830AF8-74DF-41B9-B856-623390965CE0}.Release|Any CPU.Build.0 = Release|Any CPU
	EndGlobalSection
	GlobalSection(SolutionProperties) = preSolution
		HideSolutionNode = FALSE
	EndGlobalSection
	GlobalSection(NestedProjects) = preSolution
		{D6F44D55-D015-4545-8360-4320F470616F} = {D4A4F30B-EC1F-4D9C-954C-6EAA668E01E0}
		{96D1D94C-9DFA-46C0-832C-E84BB0DFF6F8} = {613B3132-729F-4F90-BD26-874FD4089C43}
		{E1DE9EE6-3F99-45CC-8C34-D2C23AEAC00E} = {68168DE2-951E-48BF-A6E5-B050E0EFC57B}
		{91455EC1-0FDE-4C89-BBE1-8BD97277DFF8} = {E15F1F43-E633-4D20-8D74-5BEBA83B803D}
		{613B3132-729F-4F90-BD26-874FD4089C43} = {20F96DC6-9907-491D-8186-CC333FB6DB7F}
		{C903B881-B66C-46E8-9F04-17FF4BBC3045} = {20F96DC6-9907-491D-8186-CC333FB6DB7F}
		{866BA83C-360C-43F3-847C-3E287A106F0A} = {C903B881-B66C-46E8-9F04-17FF4BBC3045}
		{3A9FA52A-A582-4950-BCAE-6759118B5069} = {68168DE2-951E-48BF-A6E5-B050E0EFC57B}
		{B5830AF8-74DF-41B9-B856-623390965CE0} = {3A9FA52A-A582-4950-BCAE-6759118B5069}
	EndGlobalSection
	GlobalSection(ExtensibilityGlobals) = postSolution
		SolutionGuid = {E7DA2C06-F51C-4772-980D-E46F3280EFFB}
	EndGlobalSection
EndGlobal
